// !$*UTF8*$!
{
	archiveVersion = 1;
	classes = {
	};
	objectVersion = 56;
	objects = {

/* Begin PBXBuildFile section */
		77365A8C28BE3DC5002AC587 /* AppDelegate.swift in Sources */ = {isa = PBXBuildFile; fileRef = 77365A8B28BE3DC5002AC587 /* AppDelegate.swift */; };
		77365A8E28BE3DC5002AC587 /* SceneDelegate.swift in Sources */ = {isa = PBXBuildFile; fileRef = 77365A8D28BE3DC5002AC587 /* SceneDelegate.swift */; };
		77365A9028BE3DC5002AC587 /* ViewController.swift in Sources */ = {isa = PBXBuildFile; fileRef = 77365A8F28BE3DC5002AC587 /* ViewController.swift */; };
		77365A9328BE3DC5002AC587 /* Main.storyboard in Resources */ = {isa = PBXBuildFile; fileRef = 77365A9128BE3DC5002AC587 /* Main.storyboard */; };
		77365A9528BE3DC7002AC587 /* Assets.xcassets in Resources */ = {isa = PBXBuildFile; fileRef = 77365A9428BE3DC7002AC587 /* Assets.xcassets */; };
		77365A9828BE3DC7002AC587 /* LaunchScreen.storyboard in Resources */ = {isa = PBXBuildFile; fileRef = 77365A9628BE3DC7002AC587 /* LaunchScreen.storyboard */; };
		77365AA328BE3DC8002AC587 /* _____Tests.swift in Sources */ = {isa = PBXBuildFile; fileRef = 77365AA228BE3DC8002AC587 /* _____Tests.swift */; };
		77365AAD28BE3DC8002AC587 /* _____UITests.swift in Sources */ = {isa = PBXBuildFile; fileRef = 77365AAC28BE3DC8002AC587 /* _____UITests.swift */; };
		77365AAF28BE3DC8002AC587 /* _____UITestsLaunchTests.swift in Sources */ = {isa = PBXBuildFile; fileRef = 77365AAE28BE3DC8002AC587 /* _____UITestsLaunchTests.swift */; };
		77365ABC28BE3E39002AC587 /* starViewController.swift in Sources */ = {isa = PBXBuildFile; fileRef = 77365ABB28BE3E39002AC587 /* starViewController.swift */; };
		77365ABE28BE3F1E002AC587 /* Question.swift in Sources */ = {isa = PBXBuildFile; fileRef = 77365ABD28BE3F1E002AC587 /* Question.swift */; };
		9C19E16A28BF463200B412DB /* PointViewController.swift in Sources */ = {isa = PBXBuildFile; fileRef = 9C19E16928BF463200B412DB /* PointViewController.swift */; };
/* End PBXBuildFile section */

/* Begin PBXContainerItemProxy section */
		77365A9F28BE3DC8002AC587 /* PBXContainerItemProxy */ = {
			isa = PBXContainerItemProxy;
			containerPortal = 77365A8028BE3DC5002AC587 /* Project object */;
			proxyType = 1;
			remoteGlobalIDString = 77365A8728BE3DC5002AC587;
			remoteInfo = "全民星攻略";
		};
		77365AA928BE3DC8002AC587 /* PBXContainerItemProxy */ = {
			isa = PBXContainerItemProxy;
			containerPortal = 77365A8028BE3DC5002AC587 /* Project object */;
			proxyType = 1;
			remoteGlobalIDString = 77365A8728BE3DC5002AC587;
			remoteInfo = "全民星攻略";
		};
/* End PBXContainerItemProxy section */

/* Begin PBXFileReference section */
		77365A8828BE3DC5002AC587 /* 全民星攻略.app */ = {isa = PBXFileReference; explicitFileType = wrapper.application; includeInIndex = 0; path = "全民星攻略.app"; sourceTree = BUILT_PRODUCTS_DIR; };
		77365A8B28BE3DC5002AC587 /* AppDelegate.swift */ = {isa = PBXFileReference; lastKnownFileType = sourcecode.swift; path = AppDelegate.swift; sourceTree = "<group>"; };
		77365A8D28BE3DC5002AC587 /* SceneDelegate.swift */ = {isa = PBXFileReference; lastKnownFileType = sourcecode.swift; path = SceneDelegate.swift; sourceTree = "<group>"; };
		77365A8F28BE3DC5002AC587 /* ViewController.swift */ = {isa = PBXFileReference; lastKnownFileType = sourcecode.swift; path = ViewController.swift; sourceTree = "<group>"; };
		77365A9228BE3DC5002AC587 /* Base */ = {isa = PBXFileReference; lastKnownFileType = file.storyboard; name = Base; path = Base.lproj/Main.storyboard; sourceTree = "<group>"; };
		77365A9428BE3DC7002AC587 /* Assets.xcassets */ = {isa = PBXFileReference; lastKnownFileType = folder.assetcatalog; path = Assets.xcassets; sourceTree = "<group>"; };
		77365A9728BE3DC7002AC587 /* Base */ = {isa = PBXFileReference; lastKnownFileType = file.storyboard; name = Base; path = Base.lproj/LaunchScreen.storyboard; sourceTree = "<group>"; };
		77365A9928BE3DC7002AC587 /* Info.plist */ = {isa = PBXFileReference; lastKnownFileType = text.plist.xml; path = Info.plist; sourceTree = "<group>"; };
		77365A9E28BE3DC8002AC587 /* 全民星攻略Tests.xctest */ = {isa = PBXFileReference; explicitFileType = wrapper.cfbundle; includeInIndex = 0; path = "全民星攻略Tests.xctest"; sourceTree = BUILT_PRODUCTS_DIR; };
		77365AA228BE3DC8002AC587 /* _____Tests.swift */ = {isa = PBXFileReference; lastKnownFileType = sourcecode.swift; path = "_____Tests.swift"; sourceTree = "<group>"; };
		77365AA828BE3DC8002AC587 /* 全民星攻略UITests.xctest */ = {isa = PBXFileReference; explicitFileType = wrapper.cfbundle; includeInIndex = 0; path = "全民星攻略UITests.xctest"; sourceTree = BUILT_PRODUCTS_DIR; };
		77365AAC28BE3DC8002AC587 /* _____UITests.swift */ = {isa = PBXFileReference; lastKnownFileType = sourcecode.swift; path = "_____UITests.swift"; sourceTree = "<group>"; };
		77365AAE28BE3DC8002AC587 /* _____UITestsLaunchTests.swift */ = {isa = PBXFileReference; lastKnownFileType = sourcecode.swift; path = "_____UITestsLaunchTests.swift"; sourceTree = "<group>"; };
		77365ABB28BE3E39002AC587 /* starViewController.swift */ = {isa = PBXFileReference; lastKnownFileType = sourcecode.swift; path = starViewController.swift; sourceTree = "<group>"; };
		77365ABD28BE3F1E002AC587 /* Question.swift */ = {isa = PBXFileReference; lastKnownFileType = sourcecode.swift; path = Question.swift; sourceTree = "<group>"; };
		9C19E16928BF463200B412DB /* PointViewController.swift */ = {isa = PBXFileReference; lastKnownFileType = sourcecode.swift; path = PointViewController.swift; sourceTree = "<group>"; };
/* End PBXFileReference section */

/* Begin PBXFrameworksBuildPhase section */
		77365A8528BE3DC5002AC587 /* Frameworks */ = {
			isa = PBXFrameworksBuildPhase;
			buildActionMask = 2147483647;
			files = (
			);
			runOnlyForDeploymentPostprocessing = 0;
		};
		77365A9B28BE3DC8002AC587 /* Frameworks */ = {
			isa = PBXFrameworksBuildPhase;
			buildActionMask = 2147483647;
			files = (
			);
			runOnlyForDeploymentPostprocessing = 0;
		};
		77365AA528BE3DC8002AC587 /* Frameworks */ = {
			isa = PBXFrameworksBuildPhase;
			buildActionMask = 2147483647;
			files = (
			);
			runOnlyForDeploymentPostprocessing = 0;
		};
/* End PBXFrameworksBuildPhase section */

/* Begin PBXGroup section */
		77365A7F28BE3DC5002AC587 = {
			isa = PBXGroup;
			children = (
				77365A8A28BE3DC5002AC587 /* 全民星攻略 */,
				77365AA128BE3DC8002AC587 /* 全民星攻略Tests */,
				77365AAB28BE3DC8002AC587 /* 全民星攻略UITests */,
				77365A8928BE3DC5002AC587 /* Products */,
			);
			sourceTree = "<group>";
		};
		77365A8928BE3DC5002AC587 /* Products */ = {
			isa = PBXGroup;
			children = (
				77365A8828BE3DC5002AC587 /* 全民星攻略.app */,
				77365A9E28BE3DC8002AC587 /* 全民星攻略Tests.xctest */,
				77365AA828BE3DC8002AC587 /* 全民星攻略UITests.xctest */,
			);
			name = Products;
			sourceTree = "<group>";
		};
		77365A8A28BE3DC5002AC587 /* 全民星攻略 */ = {
			isa = PBXGroup;
			children = (
				77365A8B28BE3DC5002AC587 /* AppDelegate.swift */,
				77365A8D28BE3DC5002AC587 /* SceneDelegate.swift */,
				77365A8F28BE3DC5002AC587 /* ViewController.swift */,
				77365A9128BE3DC5002AC587 /* Main.storyboard */,
				9C19E16928BF463200B412DB /* PointViewController.swift */,
				77365ABD28BE3F1E002AC587 /* Question.swift */,
				77365ABB28BE3E39002AC587 /* starViewController.swift */,
				77365A9428BE3DC7002AC587 /* Assets.xcassets */,
				77365A9628BE3DC7002AC587 /* LaunchScreen.storyboard */,
				77365A9928BE3DC7002AC587 /* Info.plist */,
			);
			path = "全民星攻略";
			sourceTree = "<group>";
		};
		77365AA128BE3DC8002AC587 /* 全民星攻略Tests */ = {
			isa = PBXGroup;
			children = (
				77365AA228BE3DC8002AC587 /* _____Tests.swift */,
			);
			path = "全民星攻略Tests";
			sourceTree = "<group>";
		};
		77365AAB28BE3DC8002AC587 /* 全民星攻略UITests */ = {
			isa = PBXGroup;
			children = (
				77365AAC28BE3DC8002AC587 /* _____UITests.swift */,
				77365AAE28BE3DC8002AC587 /* _____UITestsLaunchTests.swift */,
			);
			path = "全民星攻略UITests";
			sourceTree = "<group>";
		};
/* End PBXGroup section */

/* Begin PBXNativeTarget section */
		77365A8728BE3DC5002AC587 /* 全民星攻略 */ = {
			isa = PBXNativeTarget;
			buildConfigurationList = 77365AB228BE3DC8002AC587 /* Build configuration list for PBXNativeTarget "全民星攻略" */;
			buildPhases = (
				77365A8428BE3DC5002AC587 /* Sources */,
				77365A8528BE3DC5002AC587 /* Frameworks */,
				77365A8628BE3DC5002AC587 /* Resources */,
			);
			buildRules = (
			);
			dependencies = (
			);
			name = "全民星攻略";
			productName = "全民星攻略";
			productReference = 77365A8828BE3DC5002AC587 /* 全民星攻略.app */;
			productType = "com.apple.product-type.application";
		};
		77365A9D28BE3DC8002AC587 /* 全民星攻略Tests */ = {
			isa = PBXNativeTarget;
			buildConfigurationList = 77365AB528BE3DC8002AC587 /* Build configuration list for PBXNativeTarget "全民星攻略Tests" */;
			buildPhases = (
				77365A9A28BE3DC8002AC587 /* Sources */,
				77365A9B28BE3DC8002AC587 /* Frameworks */,
				77365A9C28BE3DC8002AC587 /* Resources */,
			);
			buildRules = (
			);
			dependencies = (
				77365AA028BE3DC8002AC587 /* PBXTargetDependency */,
			);
			name = "全民星攻略Tests";
			productName = "全民星攻略Tests";
			productReference = 77365A9E28BE3DC8002AC587 /* 全民星攻略Tests.xctest */;
			productType = "com.apple.product-type.bundle.unit-test";
		};
		77365AA728BE3DC8002AC587 /* 全民星攻略UITests */ = {
			isa = PBXNativeTarget;
			buildConfigurationList = 77365AB828BE3DC8002AC587 /* Build configuration list for PBXNativeTarget "全民星攻略UITests" */;
			buildPhases = (
				77365AA428BE3DC8002AC587 /* Sources */,
				77365AA528BE3DC8002AC587 /* Frameworks */,
				77365AA628BE3DC8002AC587 /* Resources */,
			);
			buildRules = (
			);
			dependencies = (
				77365AAA28BE3DC8002AC587 /* PBXTargetDependency */,
			);
			name = "全民星攻略UITests";
			productName = "全民星攻略UITests";
			productReference = 77365AA828BE3DC8002AC587 /* 全民星攻略UITests.xctest */;
			productType = "com.apple.product-type.bundle.ui-testing";
		};
/* End PBXNativeTarget section */

/* Begin PBXProject section */
		77365A8028BE3DC5002AC587 /* Project object */ = {
			isa = PBXProject;
			attributes = {
				BuildIndependentTargetsInParallel = 1;
				LastSwiftUpdateCheck = 1400;
				LastUpgradeCheck = 1400;
				TargetAttributes = {
					77365A8728BE3DC5002AC587 = {
						CreatedOnToolsVersion = 14.0;
					};
					77365A9D28BE3DC8002AC587 = {
						CreatedOnToolsVersion = 14.0;
						TestTargetID = 77365A8728BE3DC5002AC587;
					};
					77365AA728BE3DC8002AC587 = {
						CreatedOnToolsVersion = 14.0;
						TestTargetID = 77365A8728BE3DC5002AC587;
					};
				};
			};
			buildConfigurationList = 77365A8328BE3DC5002AC587 /* Build configuration list for PBXProject "全民星攻略" */;
			compatibilityVersion = "Xcode 14.0";
			developmentRegion = en;
			hasScannedForEncodings = 0;
			knownRegions = (
				en,
				Base,
			);
			mainGroup = 77365A7F28BE3DC5002AC587;
			productRefGroup = 77365A8928BE3DC5002AC587 /* Products */;
			projectDirPath = "";
			projectRoot = "";
			targets = (
				77365A8728BE3DC5002AC587 /* 全民星攻略 */,
				77365A9D28BE3DC8002AC587 /* 全民星攻略Tests */,
				77365AA728BE3DC8002AC587 /* 全民星攻略UITests */,
			);
		};
/* End PBXProject section */

/* Begin PBXResourcesBuildPhase section */
		77365A8628BE3DC5002AC587 /* Resources */ = {
			isa = PBXResourcesBuildPhase;
			buildActionMask = 2147483647;
			files = (
				77365A9828BE3DC7002AC587 /* LaunchScreen.storyboard in Resources */,
				77365A9528BE3DC7002AC587 /* Assets.xcassets in Resources */,
				77365A9328BE3DC5002AC587 /* Main.storyboard in Resources */,
			);
			runOnlyForDeploymentPostprocessing = 0;
		};
		77365A9C28BE3DC8002AC587 /* Resources */ = {
			isa = PBXResourcesBuildPhase;
			buildActionMask = 2147483647;
			files = (
			);
			runOnlyForDeploymentPostprocessing = 0;
		};
		77365AA628BE3DC8002AC587 /* Resources */ = {
			isa = PBXResourcesBuildPhase;
			buildActionMask = 2147483647;
			files = (
			);
			runOnlyForDeploymentPostprocessing = 0;
		};
/* End PBXResourcesBuildPhase section */

/* Begin PBXSourcesBuildPhase section */
		77365A8428BE3DC5002AC587 /* Sources */ = {
			isa = PBXSourcesBuildPhase;
			buildActionMask = 2147483647;
			files = (
				77365ABE28BE3F1E002AC587 /* Question.swift in Sources */,
				77365ABC28BE3E39002AC587 /* starViewController.swift in Sources */,
				77365A9028BE3DC5002AC587 /* ViewController.swift in Sources */,
				9C19E16A28BF463200B412DB /* PointViewController.swift in Sources */,
				77365A8C28BE3DC5002AC587 /* AppDelegate.swift in Sources */,
				77365A8E28BE3DC5002AC587 /* SceneDelegate.swift in Sources */,
			);
			runOnlyForDeploymentPostprocessing = 0;
		};
		77365A9A28BE3DC8002AC587 /* Sources */ = {
			isa = PBXSourcesBuildPhase;
			buildActionMask = 2147483647;
			files = (
				77365AA328BE3DC8002AC587 /* _____Tests.swift in Sources */,
			);
			runOnlyForDeploymentPostprocessing = 0;
		};
		77365AA428BE3DC8002AC587 /* Sources */ = {
			isa = PBXSourcesBuildPhase;
			buildActionMask = 2147483647;
			files = (
				77365AAF28BE3DC8002AC587 /* _____UITestsLaunchTests.swift in Sources */,
				77365AAD28BE3DC8002AC587 /* _____UITests.swift in Sources */,
			);
			runOnlyForDeploymentPostprocessing = 0;
		};
/* End PBXSourcesBuildPhase section */

/* Begin PBXTargetDependency section */
		77365AA028BE3DC8002AC587 /* PBXTargetDependency */ = {
			isa = PBXTargetDependency;
			target = 77365A8728BE3DC5002AC587 /* 全民星攻略 */;
			targetProxy = 77365A9F28BE3DC8002AC587 /* PBXContainerItemProxy */;
		};
		77365AAA28BE3DC8002AC587 /* PBXTargetDependency */ = {
			isa = PBXTargetDependency;
			target = 77365A8728BE3DC5002AC587 /* 全民星攻略 */;
			targetProxy = 77365AA928BE3DC8002AC587 /* PBXContainerItemProxy */;
		};
/* End PBXTargetDependency section */

/* Begin PBXVariantGroup section */
		77365A9128BE3DC5002AC587 /* Main.storyboard */ = {
			isa = PBXVariantGroup;
			children = (
				77365A9228BE3DC5002AC587 /* Base */,
			);
			name = Main.storyboard;
			sourceTree = "<group>";
		};
		77365A9628BE3DC7002AC587 /* LaunchScreen.storyboard */ = {
			isa = PBXVariantGroup;
			children = (
				77365A9728BE3DC7002AC587 /* Base */,
			);
			name = LaunchScreen.storyboard;
			sourceTree = "<group>";
		};
/* End PBXVariantGroup section */

/* Begin XCBuildConfiguration section */
		77365AB028BE3DC8002AC587 /* Debug */ = {
			isa = XCBuildConfiguration;
			buildSettings = {
				ALWAYS_SEARCH_USER_PATHS = NO;
				CLANG_ANALYZER_NONNULL = YES;
				CLANG_ANALYZER_NUMBER_OBJECT_CONVERSION = YES_AGGRESSIVE;
				CLANG_CXX_LANGUAGE_STANDARD = "gnu++20";
				CLANG_ENABLE_MODULES = YES;
				CLANG_ENABLE_OBJC_ARC = YES;
				CLANG_ENABLE_OBJC_WEAK = YES;
				CLANG_WARN_BLOCK_CAPTURE_AUTORELEASING = YES;
				CLANG_WARN_BOOL_CONVERSION = YES;
				CLANG_WARN_COMMA = YES;
				CLANG_WARN_CONSTANT_CONVERSION = YES;
				CLANG_WARN_DEPRECATED_OBJC_IMPLEMENTATIONS = YES;
				CLANG_WARN_DIRECT_OBJC_ISA_USAGE = YES_ERROR;
				CLANG_WARN_DOCUMENTATION_COMMENTS = YES;
				CLANG_WARN_EMPTY_BODY = YES;
				CLANG_WARN_ENUM_CONVERSION = YES;
				CLANG_WARN_INFINITE_RECURSION = YES;
				CLANG_WARN_INT_CONVERSION = YES;
				CLANG_WARN_NON_LITERAL_NULL_CONVERSION = YES;
				CLANG_WARN_OBJC_IMPLICIT_RETAIN_SELF = YES;
				CLANG_WARN_OBJC_LITERAL_CONVERSION = YES;
				CLANG_WARN_OBJC_ROOT_CLASS = YES_ERROR;
				CLANG_WARN_QUOTED_INCLUDE_IN_FRAMEWORK_HEADER = YES;
				CLANG_WARN_RANGE_LOOP_ANALYSIS = YES;
				CLANG_WARN_STRICT_PROTOTYPES = YES;
				CLANG_WARN_SUSPICIOUS_MOVE = YES;
				CLANG_WARN_UNGUARDED_AVAILABILITY = YES_AGGRESSIVE;
				CLANG_WARN_UNREACHABLE_CODE = YES;
				CLANG_WARN__DUPLICATE_METHOD_MATCH = YES;
				COPY_PHASE_STRIP = NO;
				DEBUG_INFORMATION_FORMAT = dwarf;
				ENABLE_STRICT_OBJC_MSGSEND = YES;
				ENABLE_TESTABILITY = YES;
				GCC_C_LANGUAGE_STANDARD = gnu11;
				GCC_DYNAMIC_NO_PIC = NO;
				GCC_NO_COMMON_BLOCKS = YES;
				GCC_OPTIMIZATION_LEVEL = 0;
				GCC_PREPROCESSOR_DEFINITIONS = (
					"DEBUG=1",
					"$(inherited)",
				);
				GCC_WARN_64_TO_32_BIT_CONVERSION = YES;
				GCC_WARN_ABOUT_RETURN_TYPE = YES_ERROR;
				GCC_WARN_UNDECLARED_SELECTOR = YES;
				GCC_WARN_UNINITIALIZED_AUTOS = YES_AGGRESSIVE;
				GCC_WARN_UNUSED_FUNCTION = YES;
				GCC_WARN_UNUSED_VARIABLE = YES;
				IPHONEOS_DEPLOYMENT_TARGET = 16.0;
				MTL_ENABLE_DEBUG_INFO = INCLUDE_SOURCE;
				MTL_FAST_MATH = YES;
				ONLY_ACTIVE_ARCH = YES;
				SDKROOT = iphoneos;
				SWIFT_ACTIVE_COMPILATION_CONDITIONS = DEBUG;
				SWIFT_OPTIMIZATION_LEVEL = "-Onone";
			};
			name = Debug;
		};
		77365AB128BE3DC8002AC587 /* Release */ = {
			isa = XCBuildConfiguration;
			buildSettings = {
				ALWAYS_SEARCH_USER_PATHS = NO;
				CLANG_ANALYZER_NONNULL = YES;
				CLANG_ANALYZER_NUMBER_OBJECT_CONVERSION = YES_AGGRESSIVE;
				CLANG_CXX_LANGUAGE_STANDARD = "gnu++20";
				CLANG_ENABLE_MODULES = YES;
				CLANG_ENABLE_OBJC_ARC = YES;
				CLANG_ENABLE_OBJC_WEAK = YES;
				CLANG_WARN_BLOCK_CAPTURE_AUTORELEASING = YES;
				CLANG_WARN_BOOL_CONVERSION = YES;
				CLANG_WARN_COMMA = YES;
				CLANG_WARN_CONSTANT_CONVERSION = YES;
				CLANG_WARN_DEPRECATED_OBJC_IMPLEMENTATIONS = YES;
				CLANG_WARN_DIRECT_OBJC_ISA_USAGE = YES_ERROR;
				CLANG_WARN_DOCUMENTATION_COMMENTS = YES;
				CLANG_WARN_EMPTY_BODY = YES;
				CLANG_WARN_ENUM_CONVERSION = YES;
				CLANG_WARN_INFINITE_RECURSION = YES;
				CLANG_WARN_INT_CONVERSION = YES;
				CLANG_WARN_NON_LITERAL_NULL_CONVERSION = YES;
				CLANG_WARN_OBJC_IMPLICIT_RETAIN_SELF = YES;
				CLANG_WARN_OBJC_LITERAL_CONVERSION = YES;
				CLANG_WARN_OBJC_ROOT_CLASS = YES_ERROR;
				CLANG_WARN_QUOTED_INCLUDE_IN_FRAMEWORK_HEADER = YES;
				CLANG_WARN_RANGE_LOOP_ANALYSIS = YES;
				CLANG_WARN_STRICT_PROTOTYPES = YES;
				CLANG_WARN_SUSPICIOUS_MOVE = YES;
				CLANG_WARN_UNGUARDED_AVAILABILITY = YES_AGGRESSIVE;
				CLANG_WARN_UNREACHABLE_CODE = YES;
				CLANG_WARN__DUPLICATE_METHOD_MATCH = YES;
				COPY_PHASE_STRIP = NO;
				DEBUG_INFORMATION_FORMAT = "dwarf-with-dsym";
				ENABLE_NS_ASSERTIONS = NO;
				ENABLE_STRICT_OBJC_MSGSEND = YES;
				GCC_C_LANGUAGE_STANDARD = gnu11;
				GCC_NO_COMMON_BLOCKS = YES;
				GCC_WARN_64_TO_32_BIT_CONVERSION = YES;
				GCC_WARN_ABOUT_RETURN_TYPE = YES_ERROR;
				GCC_WARN_UNDECLARED_SELECTOR = YES;
				GCC_WARN_UNINITIALIZED_AUTOS = YES_AGGRESSIVE;
				GCC_WARN_UNUSED_FUNCTION = YES;
				GCC_WARN_UNUSED_VARIABLE = YES;
				IPHONEOS_DEPLOYMENT_TARGET = 16.0;
				MTL_ENABLE_DEBUG_INFO = NO;
				MTL_FAST_MATH = YES;
				SDKROOT = iphoneos;
				SWIFT_COMPILATION_MODE = wholemodule;
				SWIFT_OPTIMIZATION_LEVEL = "-O";
				VALIDATE_PRODUCT = YES;
			};
			name = Release;
		};
		77365AB328BE3DC8002AC587 /* Debug */ = {
			isa = XCBuildConfiguration;
			buildSettings = {
				ASSETCATALOG_COMPILER_APPICON_NAME = AppIcon;
				ASSETCATALOG_COMPILER_GLOBAL_ACCENT_COLOR_NAME = AccentColor;
				CODE_SIGN_STYLE = Automatic;
				CURRENT_PROJECT_VERSION = 1;
				DEVELOPMENT_TEAM = NF25GHLZV2;
				GENERATE_INFOPLIST_FILE = YES;
				INFOPLIST_FILE = "全民星攻略/Info.plist";
				INFOPLIST_KEY_UIApplicationSupportsIndirectInputEvents = YES;
				INFOPLIST_KEY_UILaunchStoryboardName = LaunchScreen;
				INFOPLIST_KEY_UIMainStoryboardFile = Main;
				INFOPLIST_KEY_UISupportedInterfaceOrientations_iPad = "UIInterfaceOrientationPortrait UIInterfaceOrientationPortraitUpsideDown UIInterfaceOrientationLandscapeLeft UIInterfaceOrientationLandscapeRight";
				INFOPLIST_KEY_UISupportedInterfaceOrientations_iPhone = "UIInterfaceOrientationPortrait UIInterfaceOrientationLandscapeLeft UIInterfaceOrientationLandscapeRight";
				IPHONEOS_DEPLOYMENT_TARGET = 15.6;
				LD_RUNPATH_SEARCH_PATHS = (
					"$(inherited)",
					"@executable_path/Frameworks",
				);
				MARKETING_VERSION = 1.0;
				PRODUCT_BUNDLE_IDENTIFIER = "abc.-----";
				PRODUCT_NAME = "$(TARGET_NAME)";
				SWIFT_EMIT_LOC_STRINGS = YES;
				SWIFT_VERSION = 5.0;
				TARGETED_DEVICE_FAMILY = "1,2";
			};
			name = Debug;
		};
		77365AB428BE3DC8002AC587 /* Release */ = {
			isa = XCBuildConfiguration;
			buildSettings = {
				ASSETCATALOG_COMPILER_APPICON_NAME = AppIcon;
				ASSETCATALOG_COMPILER_GLOBAL_ACCENT_COLOR_NAME = AccentColor;
				CODE_SIGN_STYLE = Automatic;
				CURRENT_PROJECT_VERSION = 1;
				DEVELOPMENT_TEAM = NF25GHLZV2;
				GENERATE_INFOPLIST_FILE = YES;
				INFOPLIST_FILE = "全民星攻略/Info.plist";
				INFOPLIST_KEY_UIApplicationSupportsIndirectInputEvents = YES;
				INFOPLIST_KEY_UILaunchStoryboardName = LaunchScreen;
				INFOPLIST_KEY_UIMainStoryboardFile = Main;
				INFOPLIST_KEY_UISupportedInterfaceOrientations_iPad = "UIInterfaceOrientationPortrait UIInterfaceOrientationPortraitUpsideDown UIInterfaceOrientationLandscapeLeft UIInterfaceOrientationLandscapeRight";
				INFOPLIST_KEY_UISupportedInterfaceOrientations_iPhone = "UIInterfaceOrientationPortrait UIInterfaceOrientationLandscapeLeft UIInterfaceOrientationLandscapeRight";
				IPHONEOS_DEPLOYMENT_TARGET = 15.6;
				LD_RUNPATH_SEARCH_PATHS = (
					"$(inherited)",
					"@executable_path/Frameworks",
				);
				MARKETING_VERSION = 1.0;
				PRODUCT_BUNDLE_IDENTIFIER = "abc.-----";
				PRODUCT_NAME = "$(TARGET_NAME)";
				SWIFT_EMIT_LOC_STRINGS = YES;
				SWIFT_VERSION = 5.0;
				TARGETED_DEVICE_FAMILY = "1,2";
			};
			name = Release;
		};
		77365AB628BE3DC8002AC587 /* Debug */ = {
			isa = XCBuildConfiguration;
			buildSettings = {
				ALWAYS_EMBED_SWIFT_STANDARD_LIBRARIES = YES;
				BUNDLE_LOADER = "$(TEST_HOST)";
				CODE_SIGN_STYLE = Automatic;
				CURRENT_PROJECT_VERSION = 1;
				DEVELOPMENT_TEAM = NF25GHLZV2;
				GENERATE_INFOPLIST_FILE = YES;
				IPHONEOS_DEPLOYMENT_TARGET = 16.0;
				MARKETING_VERSION = 1.0;
				PRODUCT_BUNDLE_IDENTIFIER = "abc.-----Tests";
				PRODUCT_NAME = "$(TARGET_NAME)";
				SWIFT_EMIT_LOC_STRINGS = NO;
				SWIFT_VERSION = 5.0;
				TARGETED_DEVICE_FAMILY = "1,2";
				TEST_HOST = "$(BUILT_PRODUCTS_DIR)/全民星攻略.app/$(BUNDLE_EXECUTABLE_FOLDER_PATH)/全民星攻略";
			};
			name = Debug;
		};
		77365AB728BE3DC8002AC587 /* Release */ = {
			isa = XCBuildConfiguration;
			buildSettings = {
				ALWAYS_EMBED_SWIFT_STANDARD_LIBRARIES = YES;
				BUNDLE_LOADER = "$(TEST_HOST)";
				CODE_SIGN_STYLE = Automatic;
				CURRENT_PROJECT_VERSION = 1;
				DEVELOPMENT_TEAM = NF25GHLZV2;
				GENERATE_INFOPLIST_FILE = YES;
				IPHONEOS_DEPLOYMENT_TARGET = 16.0;
				MARKETING_VERSION = 1.0;
				PRODUCT_BUNDLE_IDENTIFIER = "abc.-----Tests";
				PRODUCT_NAME = "$(TARGET_NAME)";
				SWIFT_EMIT_LOC_STRINGS = NO;
				SWIFT_VERSION = 5.0;
				TARGETED_DEVICE_FAMILY = "1,2";
				TEST_HOST = "$(BUILT_PRODUCTS_DIR)/全民星攻略.app/$(BUNDLE_EXECUTABLE_FOLDER_PATH)/全民星攻略";
			};
			name = Release;
		};
		77365AB928BE3DC8002AC587 /* Debug */ = {
			isa = XCBuildConfiguration;
			buildSettings = {
				ALWAYS_EMBED_SWIFT_STANDARD_LIBRARIES = YES;
				CODE_SIGN_STYLE = Automatic;
				CURRENT_PROJECT_VERSION = 1;
				DEVELOPMENT_TEAM = NF25GHLZV2;
				GENERATE_INFOPLIST_FILE = YES;
				MARKETING_VERSION = 1.0;
				PRODUCT_BUNDLE_IDENTIFIER = "abc.-----UITests";
				PRODUCT_NAME = "$(TARGET_NAME)";
				SWIFT_EMIT_LOC_STRINGS = NO;
				SWIFT_VERSION = 5.0;
				TARGETED_DEVICE_FAMILY = "1,2";
				TEST_TARGET_NAME = "全民星攻略";
			};
			name = Debug;
		};
		77365ABA28BE3DC8002AC587 /* Release */ = {
			isa = XCBuildConfiguration;
			buildSettings = {
				ALWAYS_EMBED_SWIFT_STANDARD_LIBRARIES = YES;
				CODE_SIGN_STYLE = Automatic;
				CURRENT_PROJECT_VERSION = 1;
				DEVELOPMENT_TEAM = NF25GHLZV2;
				GENERATE_INFOPLIST_FILE = YES;
				MARKETING_VERSION = 1.0;
				PRODUCT_BUNDLE_IDENTIFIER = "abc.-----UITests";
				PRODUCT_NAME = "$(TARGET_NAME)";
				SWIFT_EMIT_LOC_STRINGS = NO;
				SWIFT_VERSION = 5.0;
				TARGETED_DEVICE_FAMILY = "1,2";
				TEST_TARGET_NAME = "全民星攻略";
			};
			name = Release;
		};
/* End XCBuildConfiguration section */

/* Begin XCConfigurationList section */
		77365A8328BE3DC5002AC587 /* Build configuration list for PBXProject "全民星攻略" */ = {
			isa = XCConfigurationList;
			buildConfigurations = (
				77365AB028BE3DC8002AC587 /* Debug */,
				77365AB128BE3DC8002AC587 /* Release */,
			);
			defaultConfigurationIsVisible = 0;
			defaultConfigurationName = Release;
		};
		77365AB228BE3DC8002AC587 /* Build configuration list for PBXNativeTarget "全民星攻略" */ = {
			isa = XCConfigurationList;
			buildConfigurations = (
				77365AB328BE3DC8002AC587 /* Debug */,
				77365AB428BE3DC8002AC587 /* Release */,
			);
			defaultConfigurationIsVisible = 0;
			defaultConfigurationName = Release;
		};
		77365AB528BE3DC8002AC587 /* Build configuration list for PBXNativeTarget "全民星攻略Tests" */ = {
			isa = XCConfigurationList;
			buildConfigurations = (
				77365AB628BE3DC8002AC587 /* Debug */,
				77365AB728BE3DC8002AC587 /* Release */,
			);
			defaultConfigurationIsVisible = 0;
			defaultConfigurationName = Release;
		};
		77365AB828BE3DC8002AC587 /* Build configuration list for PBXNativeTarget "全民星攻略UITests" */ = {
			isa = XCConfigurationList;
			buildConfigurations = (
				77365AB928BE3DC8002AC587 /* Debug */,
				77365ABA28BE3DC8002AC587 /* Release */,
			);
			defaultConfigurationIsVisible = 0;
			defaultConfigurationName = Release;
		};
/* End XCConfigurationList section */
	};
	rootObject = 77365A8028BE3DC5002AC587 /* Project object */;
}
